
Microsoft Visual Studio Solution File, Format Version 12.00
# Visual Studio Version 16
VisualStudioVersion = 16.0.31613.86
MinimumVisualStudioVersion = 10.0.40219.1
Project("{FAE04EC0-301F-11D3-BF4B-00C04F79EFBC}") = "calculatorproject", "calculatorproject\calculatorproject.csproj", "{C64AD18C-08B1-4AEB-AB3C-3860652F15EF}"
EndProject
Global
	GlobalSection(SolutionConfigurationPlatforms) = preSolution
		Debug|Any CPU = Debug|Any CPU
		Release|Any CPU = Release|Any CPU
	EndGlobalSection
	GlobalSection(ProjectConfigurationPlatforms) = postSolution
		{C64AD18C-08B1-4AEB-AB3C-3860652F15EF}.Debug|Any CPU.ActiveCfg = Debug|Any CPU
		{C64AD18C-08B1-4AEB-AB3C-3860652F15EF}.Debug|Any CPU.Build.0 = Debug|Any CPU
		{C64AD18C-08B1-4AEB-AB3C-3860652F15EF}.Release|Any CPU.ActiveCfg = Release|Any CPU
		{C64AD18C-08B1-4AEB-AB3C-3860652F15EF}.Release|Any CPU.Build.0 = Release|Any CPU
	EndGlobalSection
	GlobalSection(SolutionProperties) = preSolution
		HideSolutionNode = FALSE
	EndGlobalSection
	GlobalSection(ExtensibilityGlobals) = postSolution
		SolutionGuid = {2FFD460F-A340-4E96-A644-86655E80BB8E}
	EndGlobalSection
EndGlobal
